
Microsoft Visual Studio Solution File, Format Version 12.00
# Visual Studio Version 16
VisualStudioVersion = 16.0.30907.101
MinimumVisualStudioVersion = 10.0.40219.1
Project("{9A19103F-16F7-4668-BE54-9A1E7A4F7556}") = "ShopApi", "ShopApi\ShopApi.csproj", "{6F3995D2-E865-400D-B37C-DDFEFBBAB9A3}"
EndProject
Project("{9A19103F-16F7-4668-BE54-9A1E7A4F7556}") = "ShopApi.Tests", "ShopApi.Tests\ShopApi.Tests.csproj", "{8B7030FB-994D-4607-8A3A-470111CE5504}"
EndProject
Global
	GlobalSection(SolutionConfigurationPlatforms) = preSolution
		Debug|Any CPU = Debug|Any CPU
		Release|Any CPU = Release|Any CPU
	EndGlobalSection
	GlobalSection(ProjectConfigurationPlatforms) = postSolution
		{6F3995D2-E865-400D-B37C-DDFEFBBAB9A3}.Debug|Any CPU.ActiveCfg = Debug|Any CPU
		{6F3995D2-E865-400D-B37C-DDFEFBBAB9A3}.Debug|Any CPU.Build.0 = Debug|Any CPU
		{6F3995D2-E865-400D-B37C-DDFEFBBAB9A3}.Release|Any CPU.ActiveCfg = Release|Any CPU
		{6F3995D2-E865-400D-B37C-DDFEFBBAB9A3}.Release|Any CPU.Build.0 = Release|Any CPU
		{8B7030FB-994D-4607-8A3A-470111CE5504}.Debug|Any CPU.ActiveCfg = Debug|Any CPU
		{8B7030FB-994D-4607-8A3A-470111CE5504}.Debug|Any CPU.Build.0 = Debug|Any CPU
		{8B7030FB-994D-4607-8A3A-470111CE5504}.Release|Any CPU.ActiveCfg = Release|Any CPU
		{8B7030FB-994D-4607-8A3A-470111CE5504}.Release|Any CPU.Build.0 = Release|Any CPU
	EndGlobalSection
	GlobalSection(SolutionProperties) = preSolution
		HideSolutionNode = FALSE
	EndGlobalSection
	GlobalSection(ExtensibilityGlobals) = postSolution
		SolutionGuid = {D7111C81-D017-4F4D-A7D4-B1EC0C3B2970}
	EndGlobalSection
EndGlobal
